
Microsoft Visual Studio Solution File, Format Version 12.00
# Visual Studio Version 16
VisualStudioVersion = 16.0.29926.136
MinimumVisualStudioVersion = 10.0.40219.1
Project("{FAE04EC0-301F-11D3-BF4B-00C04F79EFBC}") = "ModBusMasterChecK", "ModBusMasterChecK\ModBusMasterChecK.csproj", "{99774B67-66F2-4C4F-ACEA-6DC5BD07B1EB}"
EndProject
Project("{54435603-DBB4-11D2-8724-00A0C9A8B90C}") = "Setup", "Setup\Setup.vdproj", "{1A1A176A-0CAE-4BB3-A159-C533323EBB26}"
EndProject
Global
	GlobalSection(SolutionConfigurationPlatforms) = preSolution
		Debug|Any CPU = Debug|Any CPU
		Release|Any CPU = Release|Any CPU
	EndGlobalSection
	GlobalSection(ProjectConfigurationPlatforms) = postSolution
		{99774B67-66F2-4C4F-ACEA-6DC5BD07B1EB}.Debug|Any CPU.ActiveCfg = Debug|Any CPU
		{99774B67-66F2-4C4F-ACEA-6DC5BD07B1EB}.Debug|Any CPU.Build.0 = Debug|Any CPU
		{99774B67-66F2-4C4F-ACEA-6DC5BD07B1EB}.Release|Any CPU.ActiveCfg = Release|Any CPU
		{99774B67-66F2-4C4F-ACEA-6DC5BD07B1EB}.Release|Any CPU.Build.0 = Release|Any CPU
		{1A1A176A-0CAE-4BB3-A159-C533323EBB26}.Debug|Any CPU.ActiveCfg = Debug
		{1A1A176A-0CAE-4BB3-A159-C533323EBB26}.Release|Any CPU.ActiveCfg = Release
	EndGlobalSection
	GlobalSection(SolutionProperties) = preSolution
		HideSolutionNode = FALSE
	EndGlobalSection
	GlobalSection(ExtensibilityGlobals) = postSolution
		SolutionGuid = {371B057C-EE81-4A35-8DF7-261FE3E6E8BB}
	EndGlobalSection
EndGlobal
